// !$*UTF8*$!
{
	archiveVersion = 1;
	classes = {
	};
	objectVersion = 55;
	objects = {

/* Begin PBXBuildFile section */
		F4EF13F12938BB3E0010668E /* AppDelegate.swift in Sources */ = {isa = PBXBuildFile; fileRef = F4EF13F02938BB3E0010668E /* AppDelegate.swift */; };
		F4EF13F32938BB3E0010668E /* SceneDelegate.swift in Sources */ = {isa = PBXBuildFile; fileRef = F4EF13F22938BB3E0010668E /* SceneDelegate.swift */; };
		F4EF13F52938BB3E0010668E /* ShoppingListController.swift in Sources */ = {isa = PBXBuildFile; fileRef = F4EF13F42938BB3E0010668E /* ShoppingListController.swift */; };
		F4EF13F82938BB3E0010668E /* Main.storyboard in Resources */ = {isa = PBXBuildFile; fileRef = F4EF13F62938BB3E0010668E /* Main.storyboard */; };
		F4EF13FA2938BB430010668E /* Assets.xcassets in Resources */ = {isa = PBXBuildFile; fileRef = F4EF13F92938BB430010668E /* Assets.xcassets */; };
		F4EF13FD2938BB430010668E /* LaunchScreen.storyboard in Resources */ = {isa = PBXBuildFile; fileRef = F4EF13FB2938BB430010668E /* LaunchScreen.storyboard */; };
		F4EF14092938BB9B0010668E /* ShoppingFile.swift in Sources */ = {isa = PBXBuildFile; fileRef = F4EF14082938BB9B0010668E /* ShoppingFile.swift */; };
		F4EF140C2938BBCE0010668E /* DataStore.swift in Sources */ = {isa = PBXBuildFile; fileRef = F4EF140B2938BBCE0010668E /* DataStore.swift */; };
		F4EF140E2938D2DF0010668E /* ShoppingViewCell.swift in Sources */ = {isa = PBXBuildFile; fileRef = F4EF140D2938D2DF0010668E /* ShoppingViewCell.swift */; };
/* End PBXBuildFile section */

/* Begin PBXFileReference section */
		F4EF13ED2938BB3E0010668E /* Совместный проект(Isa).app */ = {isa = PBXFileReference; explicitFileType = wrapper.application; includeInIndex = 0; path = "Совместный проект(Isa).app"; sourceTree = BUILT_PRODUCTS_DIR; };
		F4EF13F02938BB3E0010668E /* AppDelegate.swift */ = {isa = PBXFileReference; lastKnownFileType = sourcecode.swift; path = AppDelegate.swift; sourceTree = "<group>"; };
		F4EF13F22938BB3E0010668E /* SceneDelegate.swift */ = {isa = PBXFileReference; lastKnownFileType = sourcecode.swift; path = SceneDelegate.swift; sourceTree = "<group>"; };
		F4EF13F42938BB3E0010668E /* ShoppingListController.swift */ = {isa = PBXFileReference; lastKnownFileType = sourcecode.swift; path = ShoppingListController.swift; sourceTree = "<group>"; };
		F4EF13F72938BB3E0010668E /* Base */ = {isa = PBXFileReference; lastKnownFileType = file.storyboard; name = Base; path = Base.lproj/Main.storyboard; sourceTree = "<group>"; };
		F4EF13F92938BB430010668E /* Assets.xcassets */ = {isa = PBXFileReference; lastKnownFileType = folder.assetcatalog; path = Assets.xcassets; sourceTree = "<group>"; };
		F4EF13FC2938BB430010668E /* Base */ = {isa = PBXFileReference; lastKnownFileType = file.storyboard; name = Base; path = Base.lproj/LaunchScreen.storyboard; sourceTree = "<group>"; };
		F4EF13FE2938BB430010668E /* Info.plist */ = {isa = PBXFileReference; lastKnownFileType = text.plist.xml; path = Info.plist; sourceTree = "<group>"; };
		F4EF14082938BB9B0010668E /* ShoppingFile.swift */ = {isa = PBXFileReference; lastKnownFileType = sourcecode.swift; path = ShoppingFile.swift; sourceTree = "<group>"; };
		F4EF140B2938BBCE0010668E /* DataStore.swift */ = {isa = PBXFileReference; lastKnownFileType = sourcecode.swift; path = DataStore.swift; sourceTree = "<group>"; };
		F4EF140D2938D2DF0010668E /* ShoppingViewCell.swift */ = {isa = PBXFileReference; lastKnownFileType = sourcecode.swift; path = ShoppingViewCell.swift; sourceTree = "<group>"; };
/* End PBXFileReference section */

/* Begin PBXFrameworksBuildPhase section */
		F4EF13EA2938BB3E0010668E /* Frameworks */ = {
			isa = PBXFrameworksBuildPhase;
			buildActionMask = 2147483647;
			files = (
			);
			runOnlyForDeploymentPostprocessing = 0;
		};
/* End PBXFrameworksBuildPhase section */

/* Begin PBXGroup section */
		F4EF13E42938BB3E0010668E = {
			isa = PBXGroup;
			children = (
				F4EF13EF2938BB3E0010668E /* Совместный проект(Isa) */,
				F4EF13EE2938BB3E0010668E /* Products */,
			);
			sourceTree = "<group>";
		};
		F4EF13EE2938BB3E0010668E /* Products */ = {
			isa = PBXGroup;
			children = (
				F4EF13ED2938BB3E0010668E /* Совместный проект(Isa).app */,
			);
			name = Products;
			sourceTree = "<group>";
		};
		F4EF13EF2938BB3E0010668E /* Совместный проект(Isa) */ = {
			isa = PBXGroup;
			children = (
				F4EF140A2938BBBF0010668E /* DataStore */,
				F4EF14072938BB870010668E /* Models */,
				F4EF14062938BB730010668E /* ViewControllers */,
				F4EF14042938BB560010668E /* SupportFiles */,
				F4EF14052938BB670010668E /* Storyboards */,
				F4EF13FE2938BB430010668E /* Info.plist */,
			);
			path = "Совместный проект(Isa)";
			sourceTree = "<group>";
		};
		F4EF14042938BB560010668E /* SupportFiles */ = {
			isa = PBXGroup;
			children = (
				F4EF13F02938BB3E0010668E /* AppDelegate.swift */,
				F4EF13F22938BB3E0010668E /* SceneDelegate.swift */,
				F4EF13F92938BB430010668E /* Assets.xcassets */,
			);
			path = SupportFiles;
			sourceTree = "<group>";
		};
		F4EF14052938BB670010668E /* Storyboards */ = {
			isa = PBXGroup;
			children = (
				F4EF13F62938BB3E0010668E /* Main.storyboard */,
				F4EF13FB2938BB430010668E /* LaunchScreen.storyboard */,
			);
			path = Storyboards;
			sourceTree = "<group>";
		};
		F4EF14062938BB730010668E /* ViewControllers */ = {
			isa = PBXGroup;
			children = (
				F4EF13F42938BB3E0010668E /* ShoppingListController.swift */,
				F4EF140D2938D2DF0010668E /* ShoppingViewCell.swift */,
			);
			path = ViewControllers;
			sourceTree = "<group>";
		};
		F4EF14072938BB870010668E /* Models */ = {
			isa = PBXGroup;
			children = (
				F4EF14082938BB9B0010668E /* ShoppingFile.swift */,
			);
			path = Models;
			sourceTree = "<group>";
		};
		F4EF140A2938BBBF0010668E /* DataStore */ = {
			isa = PBXGroup;
			children = (
				F4EF140B2938BBCE0010668E /* DataStore.swift */,
			);
			path = DataStore;
			sourceTree = "<group>";
		};
/* End PBXGroup section */

/* Begin PBXNativeTarget section */
		F4EF13EC2938BB3E0010668E /* Совместный проект(Isa) */ = {
			isa = PBXNativeTarget;
			buildConfigurationList = F4EF14012938BB430010668E /* Build configuration list for PBXNativeTarget "Совместный проект(Isa)" */;
			buildPhases = (
				F4EF13E92938BB3E0010668E /* Sources */,
				F4EF13EA2938BB3E0010668E /* Frameworks */,
				F4EF13EB2938BB3E0010668E /* Resources */,
			);
			buildRules = (
			);
			dependencies = (
			);
			name = "Совместный проект(Isa)";
			productName = "Совместный проект(Isa)";
			productReference = F4EF13ED2938BB3E0010668E /* Совместный проект(Isa).app */;
			productType = "com.apple.product-type.application";
		};
/* End PBXNativeTarget section */

/* Begin PBXProject section */
		F4EF13E52938BB3E0010668E /* Project object */ = {
			isa = PBXProject;
			attributes = {
				BuildIndependentTargetsInParallel = 1;
				LastSwiftUpdateCheck = 1340;
				LastUpgradeCheck = 1340;
				TargetAttributes = {
					F4EF13EC2938BB3E0010668E = {
						CreatedOnToolsVersion = 13.4.1;
					};
				};
			};
			buildConfigurationList = F4EF13E82938BB3E0010668E /* Build configuration list for PBXProject "Совместный проект(Isa)" */;
			compatibilityVersion = "Xcode 13.0";
			developmentRegion = en;
			hasScannedForEncodings = 0;
			knownRegions = (
				en,
				Base,
			);
			mainGroup = F4EF13E42938BB3E0010668E;
			productRefGroup = F4EF13EE2938BB3E0010668E /* Products */;
			projectDirPath = "";
			projectRoot = "";
			targets = (
				F4EF13EC2938BB3E0010668E /* Совместный проект(Isa) */,
			);
		};
/* End PBXProject section */

/* Begin PBXResourcesBuildPhase section */
		F4EF13EB2938BB3E0010668E /* Resources */ = {
			isa = PBXResourcesBuildPhase;
			buildActionMask = 2147483647;
			files = (
				F4EF13FD2938BB430010668E /* LaunchScreen.storyboard in Resources */,
				F4EF13FA2938BB430010668E /* Assets.xcassets in Resources */,
				F4EF13F82938BB3E0010668E /* Main.storyboard in Resources */,
			);
			runOnlyForDeploymentPostprocessing = 0;
		};
/* End PBXResourcesBuildPhase section */

/* Begin PBXSourcesBuildPhase section */
		F4EF13E92938BB3E0010668E /* Sources */ = {
			isa = PBXSourcesBuildPhase;
			buildActionMask = 2147483647;
			files = (
				F4EF13F52938BB3E0010668E /* ShoppingListController.swift in Sources */,
				F4EF14092938BB9B0010668E /* ShoppingFile.swift in Sources */,
				F4EF13F12938BB3E0010668E /* AppDelegate.swift in Sources */,
				F4EF140C2938BBCE0010668E /* DataStore.swift in Sources */,
				F4EF140E2938D2DF0010668E /* ShoppingViewCell.swift in Sources */,
				F4EF13F32938BB3E0010668E /* SceneDelegate.swift in Sources */,
			);
			runOnlyForDeploymentPostprocessing = 0;
		};
/* End PBXSourcesBuildPhase section */

/* Begin PBXVariantGroup section */
		F4EF13F62938BB3E0010668E /* Main.storyboard */ = {
			isa = PBXVariantGroup;
			children = (
				F4EF13F72938BB3E0010668E /* Base */,
			);
			name = Main.storyboard;
			sourceTree = "<group>";
		};
		F4EF13FB2938BB430010668E /* LaunchScreen.storyboard */ = {
			isa = PBXVariantGroup;
			children = (
				F4EF13FC2938BB430010668E /* Base */,
			);
			name = LaunchScreen.storyboard;
			sourceTree = "<group>";
		};
/* End PBXVariantGroup section */

/* Begin XCBuildConfiguration section */
		F4EF13FF2938BB430010668E /* Debug */ = {
			isa = XCBuildConfiguration;
			buildSettings = {
				ALWAYS_SEARCH_USER_PATHS = NO;
				CLANG_ANALYZER_NONNULL = YES;
				CLANG_ANALYZER_NUMBER_OBJECT_CONVERSION = YES_AGGRESSIVE;
				CLANG_CXX_LANGUAGE_STANDARD = "gnu++17";
				CLANG_ENABLE_MODULES = YES;
				CLANG_ENABLE_OBJC_ARC = YES;
				CLANG_ENABLE_OBJC_WEAK = YES;
				CLANG_WARN_BLOCK_CAPTURE_AUTORELEASING = YES;
				CLANG_WARN_BOOL_CONVERSION = YES;
				CLANG_WARN_COMMA = YES;
				CLANG_WARN_CONSTANT_CONVERSION = YES;
				CLANG_WARN_DEPRECATED_OBJC_IMPLEMENTATIONS = YES;
				CLANG_WARN_DIRECT_OBJC_ISA_USAGE = YES_ERROR;
				CLANG_WARN_DOCUMENTATION_COMMENTS = YES;
				CLANG_WARN_EMPTY_BODY = YES;
				CLANG_WARN_ENUM_CONVERSION = YES;
				CLANG_WARN_INFINITE_RECURSION = YES;
				CLANG_WARN_INT_CONVERSION = YES;
				CLANG_WARN_NON_LITERAL_NULL_CONVERSION = YES;
				CLANG_WARN_OBJC_IMPLICIT_RETAIN_SELF = YES;
				CLANG_WARN_OBJC_LITERAL_CONVERSION = YES;
				CLANG_WARN_OBJC_ROOT_CLASS = YES_ERROR;
				CLANG_WARN_QUOTED_INCLUDE_IN_FRAMEWORK_HEADER = YES;
				CLANG_WARN_RANGE_LOOP_ANALYSIS = YES;
				CLANG_WARN_STRICT_PROTOTYPES = YES;
				CLANG_WARN_SUSPICIOUS_MOVE = YES;
				CLANG_WARN_UNGUARDED_AVAILABILITY = YES_AGGRESSIVE;
				CLANG_WARN_UNREACHABLE_CODE = YES;
				CLANG_WARN__DUPLICATE_METHOD_MATCH = YES;
				COPY_PHASE_STRIP = NO;
				DEBUG_INFORMATION_FORMAT = dwarf;
				ENABLE_STRICT_OBJC_MSGSEND = YES;
				ENABLE_TESTABILITY = YES;
				GCC_C_LANGUAGE_STANDARD = gnu11;
				GCC_DYNAMIC_NO_PIC = NO;
				GCC_NO_COMMON_BLOCKS = YES;
				GCC_OPTIMIZATION_LEVEL = 0;
				GCC_PREPROCESSOR_DEFINITIONS = (
					"DEBUG=1",
					"$(inherited)",
				);
				GCC_WARN_64_TO_32_BIT_CONVERSION = YES;
				GCC_WARN_ABOUT_RETURN_TYPE = YES_ERROR;
				GCC_WARN_UNDECLARED_SELECTOR = YES;
				GCC_WARN_UNINITIALIZED_AUTOS = YES_AGGRESSIVE;
				GCC_WARN_UNUSED_FUNCTION = YES;
				GCC_WARN_UNUSED_VARIABLE = YES;
				IPHONEOS_DEPLOYMENT_TARGET = 15.5;
				MTL_ENABLE_DEBUG_INFO = INCLUDE_SOURCE;
				MTL_FAST_MATH = YES;
				ONLY_ACTIVE_ARCH = YES;
				SDKROOT = iphoneos;
				SWIFT_ACTIVE_COMPILATION_CONDITIONS = DEBUG;
				SWIFT_OPTIMIZATION_LEVEL = "-Onone";
			};
			name = Debug;
		};
		F4EF14002938BB430010668E /* Release */ = {
			isa = XCBuildConfiguration;
			buildSettings = {
				ALWAYS_SEARCH_USER_PATHS = NO;
				CLANG_ANALYZER_NONNULL = YES;
				CLANG_ANALYZER_NUMBER_OBJECT_CONVERSION = YES_AGGRESSIVE;
				CLANG_CXX_LANGUAGE_STANDARD = "gnu++17";
				CLANG_ENABLE_MODULES = YES;
				CLANG_ENABLE_OBJC_ARC = YES;
				CLANG_ENABLE_OBJC_WEAK = YES;
				CLANG_WARN_BLOCK_CAPTURE_AUTORELEASING = YES;
				CLANG_WARN_BOOL_CONVERSION = YES;
				CLANG_WARN_COMMA = YES;
				CLANG_WARN_CONSTANT_CONVERSION = YES;
				CLANG_WARN_DEPRECATED_OBJC_IMPLEMENTATIONS = YES;
				CLANG_WARN_DIRECT_OBJC_ISA_USAGE = YES_ERROR;
				CLANG_WARN_DOCUMENTATION_COMMENTS = YES;
				CLANG_WARN_EMPTY_BODY = YES;
				CLANG_WARN_ENUM_CONVERSION = YES;
				CLANG_WARN_INFINITE_RECURSION = YES;
				CLANG_WARN_INT_CONVERSION = YES;
				CLANG_WARN_NON_LITERAL_NULL_CONVERSION = YES;
				CLANG_WARN_OBJC_IMPLICIT_RETAIN_SELF = YES;
				CLANG_WARN_OBJC_LITERAL_CONVERSION = YES;
				CLANG_WARN_OBJC_ROOT_CLASS = YES_ERROR;
				CLANG_WARN_QUOTED_INCLUDE_IN_FRAMEWORK_HEADER = YES;
				CLANG_WARN_RANGE_LOOP_ANALYSIS = YES;
				CLANG_WARN_STRICT_PROTOTYPES = YES;
				CLANG_WARN_SUSPICIOUS_MOVE = YES;
				CLANG_WARN_UNGUARDED_AVAILABILITY = YES_AGGRESSIVE;
				CLANG_WARN_UNREACHABLE_CODE = YES;
				CLANG_WARN__DUPLICATE_METHOD_MATCH = YES;
				COPY_PHASE_STRIP = NO;
				DEBUG_INFORMATION_FORMAT = "dwarf-with-dsym";
				ENABLE_NS_ASSERTIONS = NO;
				ENABLE_STRICT_OBJC_MSGSEND = YES;
				GCC_C_LANGUAGE_STANDARD = gnu11;
				GCC_NO_COMMON_BLOCKS = YES;
				GCC_WARN_64_TO_32_BIT_CONVERSION = YES;
				GCC_WARN_ABOUT_RETURN_TYPE = YES_ERROR;
				GCC_WARN_UNDECLARED_SELECTOR = YES;
				GCC_WARN_UNINITIALIZED_AUTOS = YES_AGGRESSIVE;
				GCC_WARN_UNUSED_FUNCTION = YES;
				GCC_WARN_UNUSED_VARIABLE = YES;
				IPHONEOS_DEPLOYMENT_TARGET = 15.5;
				MTL_ENABLE_DEBUG_INFO = NO;
				MTL_FAST_MATH = YES;
				SDKROOT = iphoneos;
				SWIFT_COMPILATION_MODE = wholemodule;
				SWIFT_OPTIMIZATION_LEVEL = "-O";
				VALIDATE_PRODUCT = YES;
			};
			name = Release;
		};
		F4EF14022938BB430010668E /* Debug */ = {
			isa = XCBuildConfiguration;
			buildSettings = {
				ASSETCATALOG_COMPILER_APPICON_NAME = AppIcon;
				ASSETCATALOG_COMPILER_GLOBAL_ACCENT_COLOR_NAME = AccentColor;
				CODE_SIGN_STYLE = Automatic;
				CURRENT_PROJECT_VERSION = 1;
				DEVELOPMENT_TEAM = Z52WMUYY55;
				GENERATE_INFOPLIST_FILE = YES;
				INFOPLIST_FILE = "Совместный проект(Isa)/Info.plist";
				INFOPLIST_KEY_UIApplicationSupportsIndirectInputEvents = YES;
				INFOPLIST_KEY_UILaunchStoryboardName = LaunchScreen;
				INFOPLIST_KEY_UIMainStoryboardFile = Main;
				INFOPLIST_KEY_UISupportedInterfaceOrientations_iPad = "UIInterfaceOrientationPortrait UIInterfaceOrientationPortraitUpsideDown UIInterfaceOrientationLandscapeLeft UIInterfaceOrientationLandscapeRight";
				INFOPLIST_KEY_UISupportedInterfaceOrientations_iPhone = "UIInterfaceOrientationPortrait UIInterfaceOrientationLandscapeLeft UIInterfaceOrientationLandscapeRight";
				LD_RUNPATH_SEARCH_PATHS = (
					"$(inherited)",
					"@executable_path/Frameworks",
				);
				MARKETING_VERSION = 1.0;
				PRODUCT_BUNDLE_IDENTIFIER = "project01.-------------------Isa-";
				PRODUCT_NAME = "$(TARGET_NAME)";
				SWIFT_EMIT_LOC_STRINGS = YES;
				SWIFT_VERSION = 5.0;
				TARGETED_DEVICE_FAMILY = "1,2";
			};
			name = Debug;
		};
		F4EF14032938BB430010668E /* Release */ = {
			isa = XCBuildConfiguration;
			buildSettings = {
				ASSETCATALOG_COMPILER_APPICON_NAME = AppIcon;
				ASSETCATALOG_COMPILER_GLOBAL_ACCENT_COLOR_NAME = AccentColor;
				CODE_SIGN_STYLE = Automatic;
				CURRENT_PROJECT_VERSION = 1;
				DEVELOPMENT_TEAM = Z52WMUYY55;
				GENERATE_INFOPLIST_FILE = YES;
				INFOPLIST_FILE = "Совместный проект(Isa)/Info.plist";
				INFOPLIST_KEY_UIApplicationSupportsIndirectInputEvents = YES;
				INFOPLIST_KEY_UILaunchStoryboardName = LaunchScreen;
				INFOPLIST_KEY_UIMainStoryboardFile = Main;
				INFOPLIST_KEY_UISupportedInterfaceOrientations_iPad = "UIInterfaceOrientationPortrait UIInterfaceOrientationPortraitUpsideDown UIInterfaceOrientationLandscapeLeft UIInterfaceOrientationLandscapeRight";
				INFOPLIST_KEY_UISupportedInterfaceOrientations_iPhone = "UIInterfaceOrientationPortrait UIInterfaceOrientationLandscapeLeft UIInterfaceOrientationLandscapeRight";
				LD_RUNPATH_SEARCH_PATHS = (
					"$(inherited)",
					"@executable_path/Frameworks",
				);
				MARKETING_VERSION = 1.0;
				PRODUCT_BUNDLE_IDENTIFIER = "project01.-------------------Isa-";
				PRODUCT_NAME = "$(TARGET_NAME)";
				SWIFT_EMIT_LOC_STRINGS = YES;
				SWIFT_VERSION = 5.0;
				TARGETED_DEVICE_FAMILY = "1,2";
			};
			name = Release;
		};
/* End XCBuildConfiguration section */

/* Begin XCConfigurationList section */
		F4EF13E82938BB3E0010668E /* Build configuration list for PBXProject "Совместный проект(Isa)" */ = {
			isa = XCConfigurationList;
			buildConfigurations = (
				F4EF13FF2938BB430010668E /* Debug */,
				F4EF14002938BB430010668E /* Release */,
			);
			defaultConfigurationIsVisible = 0;
			defaultConfigurationName = Release;
		};
		F4EF14012938BB430010668E /* Build configuration list for PBXNativeTarget "Совместный проект(Isa)" */ = {
			isa = XCConfigurationList;
			buildConfigurations = (
				F4EF14022938BB430010668E /* Debug */,
				F4EF14032938BB430010668E /* Release */,
			);
			defaultConfigurationIsVisible = 0;
			defaultConfigurationName = Release;
		};
/* End XCConfigurationList section */
	};
	rootObject = F4EF13E52938BB3E0010668E /* Project object */;
}
